
Microsoft Visual Studio Solution File, Format Version 12.00
# Visual Studio Version 16
VisualStudioVersion = 16.0.30011.22
MinimumVisualStudioVersion = 10.0.40219.1
Project("{FAE04EC0-301F-11D3-BF4B-00C04F79EFBC}") = "testeclass", "testeclass.csproj", "{2FB55791-DC13-4FE8-8B14-9CC9E4CF2464}"
EndProject
Global
	GlobalSection(SolutionConfigurationPlatforms) = preSolution
		Debug|Any CPU = Debug|Any CPU
		Release|Any CPU = Release|Any CPU
	EndGlobalSection
	GlobalSection(ProjectConfigurationPlatforms) = postSolution
		{2FB55791-DC13-4FE8-8B14-9CC9E4CF2464}.Debug|Any CPU.ActiveCfg = Debug|Any CPU
		{2FB55791-DC13-4FE8-8B14-9CC9E4CF2464}.Debug|Any CPU.Build.0 = Debug|Any CPU
		{2FB55791-DC13-4FE8-8B14-9CC9E4CF2464}.Release|Any CPU.ActiveCfg = Release|Any CPU
		{2FB55791-DC13-4FE8-8B14-9CC9E4CF2464}.Release|Any CPU.Build.0 = Release|Any CPU
	EndGlobalSection
	GlobalSection(SolutionProperties) = preSolution
		HideSolutionNode = FALSE
	EndGlobalSection
	GlobalSection(ExtensibilityGlobals) = postSolution
		SolutionGuid = {0FA6D49F-63CA-4442-B043-FE5DC77B6B1D}
	EndGlobalSection
EndGlobal
