
Microsoft Visual Studio Solution File, Format Version 12.00
# Visual Studio Version 16
VisualStudioVersion = 16.0.30523.141
MinimumVisualStudioVersion = 10.0.40219.1
Project("{FAE04EC0-301F-11D3-BF4B-00C04F79EFBC}") = "ConversorDeGraus", "ConversorDeGraus.csproj", "{68FE2610-7006-4116-8375-2D88EE5FA9A3}"
EndProject
Global
	GlobalSection(SolutionConfigurationPlatforms) = preSolution
		Debug|Any CPU = Debug|Any CPU
		Release|Any CPU = Release|Any CPU
	EndGlobalSection
	GlobalSection(ProjectConfigurationPlatforms) = postSolution
		{68FE2610-7006-4116-8375-2D88EE5FA9A3}.Debug|Any CPU.ActiveCfg = Debug|Any CPU
		{68FE2610-7006-4116-8375-2D88EE5FA9A3}.Debug|Any CPU.Build.0 = Debug|Any CPU
		{68FE2610-7006-4116-8375-2D88EE5FA9A3}.Release|Any CPU.ActiveCfg = Release|Any CPU
		{68FE2610-7006-4116-8375-2D88EE5FA9A3}.Release|Any CPU.Build.0 = Release|Any CPU
	EndGlobalSection
	GlobalSection(SolutionProperties) = preSolution
		HideSolutionNode = FALSE
	EndGlobalSection
	GlobalSection(ExtensibilityGlobals) = postSolution
		SolutionGuid = {1DFB81AA-C4BC-4772-9EA3-3E1CD606832C}
	EndGlobalSection
EndGlobal
