
Microsoft Visual Studio Solution File, Format Version 12.00
# Visual Studio Version 16
VisualStudioVersion = 16.0.30523.141
MinimumVisualStudioVersion = 10.0.40219.1
Project("{FAE04EC0-301F-11D3-BF4B-00C04F79EFBC}") = "Cadastrar", "Cadastrar.csproj", "{5F98A4F3-6C73-4A34-8990-755AC40033B9}"
EndProject
Global
	GlobalSection(SolutionConfigurationPlatforms) = preSolution
		Debug|Any CPU = Debug|Any CPU
		Release|Any CPU = Release|Any CPU
	EndGlobalSection
	GlobalSection(ProjectConfigurationPlatforms) = postSolution
		{5F98A4F3-6C73-4A34-8990-755AC40033B9}.Debug|Any CPU.ActiveCfg = Debug|Any CPU
		{5F98A4F3-6C73-4A34-8990-755AC40033B9}.Debug|Any CPU.Build.0 = Debug|Any CPU
		{5F98A4F3-6C73-4A34-8990-755AC40033B9}.Release|Any CPU.ActiveCfg = Release|Any CPU
		{5F98A4F3-6C73-4A34-8990-755AC40033B9}.Release|Any CPU.Build.0 = Release|Any CPU
	EndGlobalSection
	GlobalSection(SolutionProperties) = preSolution
		HideSolutionNode = FALSE
	EndGlobalSection
	GlobalSection(ExtensibilityGlobals) = postSolution
		SolutionGuid = {11FDF74F-BA19-49EF-B7F4-01F63D2922A3}
	EndGlobalSection
EndGlobal
